
Microsoft Visual Studio Solution File, Format Version 12.00
# Visual Studio Version 17
VisualStudioVersion = 17.3.32929.385
MinimumVisualStudioVersion = 10.0.40219.1
Project("{FAE04EC0-301F-11D3-BF4B-00C04F79EFBC}") = "SuperHeroesAPI", "SuperHeroesAPI\SuperHeroesAPI.csproj", "{FCE1BEEE-37F9-4730-8063-6D6886D2AAA7}"
EndProject
Global
	GlobalSection(SolutionConfigurationPlatforms) = preSolution
		Debug|Any CPU = Debug|Any CPU
		Release|Any CPU = Release|Any CPU
	EndGlobalSection
	GlobalSection(ProjectConfigurationPlatforms) = postSolution
		{FCE1BEEE-37F9-4730-8063-6D6886D2AAA7}.Debug|Any CPU.ActiveCfg = Debug|Any CPU
		{FCE1BEEE-37F9-4730-8063-6D6886D2AAA7}.Debug|Any CPU.Build.0 = Debug|Any CPU
		{FCE1BEEE-37F9-4730-8063-6D6886D2AAA7}.Release|Any CPU.ActiveCfg = Release|Any CPU
		{FCE1BEEE-37F9-4730-8063-6D6886D2AAA7}.Release|Any CPU.Build.0 = Release|Any CPU
	EndGlobalSection
	GlobalSection(SolutionProperties) = preSolution
		HideSolutionNode = FALSE
	EndGlobalSection
	GlobalSection(ExtensibilityGlobals) = postSolution
		SolutionGuid = {FE5375A8-54D7-4256-BB32-CF8D592A91A5}
	EndGlobalSection
EndGlobal
